
Microsoft Visual Studio Solution File, Format Version 12.00
# Visual Studio Version 16
VisualStudioVersion = 16.0.31129.286
MinimumVisualStudioVersion = 10.0.40219.1
Project("{FAE04EC0-301F-11D3-BF4B-00C04F79EFBC}") = "Externals_20MCA097", "Externals_20MCA097\Externals_20MCA097.csproj", "{2BDC4F4F-FF3C-44BF-8674-C91785B6FFD1}"
EndProject
Global
	GlobalSection(SolutionConfigurationPlatforms) = preSolution
		Debug|Any CPU = Debug|Any CPU
		Release|Any CPU = Release|Any CPU
	EndGlobalSection
	GlobalSection(ProjectConfigurationPlatforms) = postSolution
		{2BDC4F4F-FF3C-44BF-8674-C91785B6FFD1}.Debug|Any CPU.ActiveCfg = Debug|Any CPU
		{2BDC4F4F-FF3C-44BF-8674-C91785B6FFD1}.Debug|Any CPU.Build.0 = Debug|Any CPU
		{2BDC4F4F-FF3C-44BF-8674-C91785B6FFD1}.Release|Any CPU.ActiveCfg = Release|Any CPU
		{2BDC4F4F-FF3C-44BF-8674-C91785B6FFD1}.Release|Any CPU.Build.0 = Release|Any CPU
	EndGlobalSection
	GlobalSection(SolutionProperties) = preSolution
		HideSolutionNode = FALSE
	EndGlobalSection
	GlobalSection(ExtensibilityGlobals) = postSolution
		SolutionGuid = {D97B9A71-B402-4C0A-8603-A26F0D94D495}
	EndGlobalSection
EndGlobal
